# This file is automatically @generated by Cargo.
# It is not intended for manual editing.
version = 4

[[package]]
name = "mosaic-adaptor-sigs"
version = "0.0.0"

[[package]]
name = "mosaic-cac-crypto"
version = "0.0.0"

[[package]]
name = "mosaic-cac-types"
version = "0.0.0"

[[package]]
name = "mosaic-vs3"
version = "0.0.0"
